
Microsoft Visual Studio Solution File, Format Version 12.00
# Visual Studio Version 17
VisualStudioVersion = 17.11.35312.102
MinimumVisualStudioVersion = 10.0.40219.1
Project("{FAE04EC0-301F-11D3-BF4B-00C04F79EFBC}") = "9-practicum", "9-practicum\9-practicum.csproj", "{FD2F4DEE-5DCE-4220-8D28-C9FC10C64D97}"
EndProject
Global
	GlobalSection(SolutionConfigurationPlatforms) = preSolution
		Debug|Any CPU = Debug|Any CPU
		Release|Any CPU = Release|Any CPU
	EndGlobalSection
	GlobalSection(ProjectConfigurationPlatforms) = postSolution
		{FD2F4DEE-5DCE-4220-8D28-C9FC10C64D97}.Debug|Any CPU.ActiveCfg = Debug|Any CPU
		{FD2F4DEE-5DCE-4220-8D28-C9FC10C64D97}.Debug|Any CPU.Build.0 = Debug|Any CPU
		{FD2F4DEE-5DCE-4220-8D28-C9FC10C64D97}.Release|Any CPU.ActiveCfg = Release|Any CPU
		{FD2F4DEE-5DCE-4220-8D28-C9FC10C64D97}.Release|Any CPU.Build.0 = Release|Any CPU
	EndGlobalSection
	GlobalSection(SolutionProperties) = preSolution
		HideSolutionNode = FALSE
	EndGlobalSection
	GlobalSection(ExtensibilityGlobals) = postSolution
		SolutionGuid = {D0E39D9E-0A42-4BB9-8F30-E0092F1D6E57}
	EndGlobalSection
EndGlobal
